
Microsoft Visual Studio Solution File, Format Version 12.00
# Visual Studio Version 16
VisualStudioVersion = 25.0.1706.6
MinimumVisualStudioVersion = 10.0.40219.1
Project("{FAE04EC0-301F-11D3-BF4B-00C04F79EFBC}") = "HotelListingAPI", "HotelListingAPI\HotelListingAPI.csproj", "{D926C248-034C-4860-BED6-CA9B897B0C8E}"
EndProject
Global
	GlobalSection(SolutionConfigurationPlatforms) = preSolution
		Debug|Any CPU = Debug|Any CPU
		Release|Any CPU = Release|Any CPU
	EndGlobalSection
	GlobalSection(ProjectConfigurationPlatforms) = postSolution
		{D926C248-034C-4860-BED6-CA9B897B0C8E}.Debug|Any CPU.ActiveCfg = Debug|Any CPU
		{D926C248-034C-4860-BED6-CA9B897B0C8E}.Debug|Any CPU.Build.0 = Debug|Any CPU
		{D926C248-034C-4860-BED6-CA9B897B0C8E}.Release|Any CPU.ActiveCfg = Release|Any CPU
		{D926C248-034C-4860-BED6-CA9B897B0C8E}.Release|Any CPU.Build.0 = Release|Any CPU
	EndGlobalSection
	GlobalSection(SolutionProperties) = preSolution
		HideSolutionNode = FALSE
	EndGlobalSection
	GlobalSection(ExtensibilityGlobals) = postSolution
		SolutionGuid = {7954AC83-6B3F-41F0-BE17-03A112047E61}
	EndGlobalSection
EndGlobal
